
Microsoft Visual Studio Solution File, Format Version 12.00
# Visual Studio Version 17
VisualStudioVersion = 17.11.35312.102
MinimumVisualStudioVersion = 10.0.40219.1
Project("{FAE04EC0-301F-11D3-BF4B-00C04F79EFBC}") = "MPP_MVC_1", "MPP_MVC_1\MPP_MVC_1.csproj", "{444D6B75-C025-448F-82EF-B7648D0420B8}"
EndProject
Global
	GlobalSection(SolutionConfigurationPlatforms) = preSolution
		Debug|Any CPU = Debug|Any CPU
		Release|Any CPU = Release|Any CPU
	EndGlobalSection
	GlobalSection(ProjectConfigurationPlatforms) = postSolution
		{444D6B75-C025-448F-82EF-B7648D0420B8}.Debug|Any CPU.ActiveCfg = Debug|Any CPU
		{444D6B75-C025-448F-82EF-B7648D0420B8}.Debug|Any CPU.Build.0 = Debug|Any CPU
		{444D6B75-C025-448F-82EF-B7648D0420B8}.Release|Any CPU.ActiveCfg = Release|Any CPU
		{444D6B75-C025-448F-82EF-B7648D0420B8}.Release|Any CPU.Build.0 = Release|Any CPU
	EndGlobalSection
	GlobalSection(SolutionProperties) = preSolution
		HideSolutionNode = FALSE
	EndGlobalSection
	GlobalSection(ExtensibilityGlobals) = postSolution
		SolutionGuid = {BBD2EC38-15B4-4675-8732-8F85A81F36EE}
	EndGlobalSection
EndGlobal
